Microsoft Visual Studio Solution File, Format Version 12.00
# Visual Studio Version 17
VisualStudioVersion = 17.5.2.0
MinimumVisualStudioVersion = 10.0.40219.1
Project("{9A19103F-16F7-4668-BE54-9A1E7A4F7556}") = "SmartCasa.API", "SmartCasa.API\SmartCasa.API.csproj", "{64520133-1678-0695-B64F-69B1937130A4}"
EndProject
Project("{9A19103F-16F7-4668-BE54-9A1E7A4F7556}") = "SmartCasa.Model", "SmartCasa.Model\SmartCasa.Model.csproj", "{064C7DB2-49B4-4D36-8488-7FC6C216D12B}"
EndProject
Project("{9A19103F-16F7-4668-BE54-9A1E7A4F7556}") = "SmartCasa.Services", "SmartCasa.Services\SmartCasa.Services.csproj", "{982CE6E3-94AE-429A-A752-509E7F4644F4}"
EndProject
Global
	GlobalSection(SolutionConfigurationPlatforms) = preSolution
		Debug|Any CPU = Debug|Any CPU
		Release|Any CPU = Release|Any CPU
	EndGlobalSection
	GlobalSection(ProjectConfigurationPlatforms) = postSolution
		{64520133-1678-0695-B64F-69B1937130A4}.Debug|Any CPU.ActiveCfg = Debug|Any CPU
		{64520133-1678-0695-B64F-69B1937130A4}.Debug|Any CPU.Build.0 = Debug|Any CPU
		{64520133-1678-0695-B64F-69B1937130A4}.Release|Any CPU.ActiveCfg = Release|Any CPU
		{64520133-1678-0695-B64F-69B1937130A4}.Release|Any CPU.Build.0 = Release|Any CPU
		{064C7DB2-49B4-4D36-8488-7FC6C216D12B}.Debug|Any CPU.ActiveCfg = Debug|Any CPU
		{064C7DB2-49B4-4D36-8488-7FC6C216D12B}.Debug|Any CPU.Build.0 = Debug|Any CPU
		{064C7DB2-49B4-4D36-8488-7FC6C216D12B}.Release|Any CPU.ActiveCfg = Release|Any CPU
		{064C7DB2-49B4-4D36-8488-7FC6C216D12B}.Release|Any CPU.Build.0 = Release|Any CPU
		{982CE6E3-94AE-429A-A752-509E7F4644F4}.Debug|Any CPU.ActiveCfg = Debug|Any CPU
		{982CE6E3-94AE-429A-A752-509E7F4644F4}.Debug|Any CPU.Build.0 = Debug|Any CPU
		{982CE6E3-94AE-429A-A752-509E7F4644F4}.Release|Any CPU.ActiveCfg = Release|Any CPU
		{982CE6E3-94AE-429A-A752-509E7F4644F4}.Release|Any CPU.Build.0 = Release|Any CPU
	EndGlobalSection
	GlobalSection(SolutionProperties) = preSolution
		HideSolutionNode = FALSE
	EndGlobalSection
	GlobalSection(ExtensibilityGlobals) = postSolution
		SolutionGuid = {4A6E1727-9AB3-4211-A53E-94C3822C3E31}
	EndGlobalSection
EndGlobal
